
Microsoft Visual Studio Solution File, Format Version 12.00
# Visual Studio Version 16
VisualStudioVersion = 16.0.808.0
MinimumVisualStudioVersion = 10.0.40219.1
Project("{FAE04EC0-301F-11D3-BF4B-00C04F79EFBC}") = "MyLib", "MyLib\MyLib.csproj", "{0D340685-932F-4A5C-BA16-CBCFC6597A41}"
EndProject
Project("{FAE04EC0-301F-11D3-BF4B-00C04F79EFBC}") = "MyLibTests", "MyLibTests\MyLibTests.csproj", "{786B8CED-B5CB-4BB1-87E3-5D970C5F6E59}"
EndProject
Global
	GlobalSection(SolutionConfigurationPlatforms) = preSolution
		Debug|Any CPU = Debug|Any CPU
		Release|Any CPU = Release|Any CPU
	EndGlobalSection
	GlobalSection(ProjectConfigurationPlatforms) = postSolution
		{0D340685-932F-4A5C-BA16-CBCFC6597A41}.Debug|Any CPU.ActiveCfg = Debug|Any CPU
		{0D340685-932F-4A5C-BA16-CBCFC6597A41}.Debug|Any CPU.Build.0 = Debug|Any CPU
		{0D340685-932F-4A5C-BA16-CBCFC6597A41}.Release|Any CPU.ActiveCfg = Release|Any CPU
		{0D340685-932F-4A5C-BA16-CBCFC6597A41}.Release|Any CPU.Build.0 = Release|Any CPU
		{786B8CED-B5CB-4BB1-87E3-5D970C5F6E59}.Debug|Any CPU.ActiveCfg = Debug|Any CPU
		{786B8CED-B5CB-4BB1-87E3-5D970C5F6E59}.Debug|Any CPU.Build.0 = Debug|Any CPU
		{786B8CED-B5CB-4BB1-87E3-5D970C5F6E59}.Release|Any CPU.ActiveCfg = Release|Any CPU
		{786B8CED-B5CB-4BB1-87E3-5D970C5F6E59}.Release|Any CPU.Build.0 = Release|Any CPU
	EndGlobalSection
	GlobalSection(SolutionProperties) = preSolution
		HideSolutionNode = FALSE
	EndGlobalSection
	GlobalSection(ExtensibilityGlobals) = postSolution
		SolutionGuid = {5C6787CF-F79F-45E3-83F8-A0DC075A5BB7}
	EndGlobalSection
EndGlobal
